{
    "_meta": {
        "hash": {
            "sha256": "2dc3c580914b3b4a8fe9dbaccf0698ac96e6864695ce2c3deddf34eaeff8d697"
        },
        "pipfile-spec": 6,
        "requires": {
            "python_version": "3.8"
        },
        "sources": [
            {
                "name": "pypi",
                "url": "https://pypi.python.org/simple",
                "verify_ssl": true
            }
        ]
    },
    "default": {
        "python-jose": {
            "extras": [
                "cryptography"
            ]
        },
        "uvicorn": {
            "extras": [
                "standard"
            ]
        }
    },
    "develop": {}
}
