{
    "_meta": {
        "hash": {
            "sha256": "a4cc40c489a8a6fcab751077a52556734df2983df72c3776478bf5673aad9d20"
        },
        "pipfile-spec": 6,
        "requires": {
            "python_version": "3.8"
        },
        "sources": [
            {
                "name": "pypi",
                "url": "https://pypi.python.org/simple",
                "verify_ssl": true
            }
        ]
    },
    "default": {
        "python-jose": {
            "extras": [
                "cryptography"
            ]
        },
        "uvicorn": {
            "extras": [
                "standard"
            ]
        }
    },
    "develop": {}
}
